
Microsoft Visual Studio Solution File, Format Version 12.00
# Visual Studio 15
Project("{FAE04EC0-301F-11D3-BF4B-00C04F79EFBC}") = "JetdoProjectTactic", "JetdoProjectTactic.csproj", "{5A24F225-972B-59C7-B887-B2D2A2605B3D}"
EndProject
Project("{FAE04EC0-301F-11D3-BF4B-00C04F79EFBC}") = "JetdoProjectTactic.Plugins", "JetdoProjectTactic.Plugins.csproj", "{F43733DD-4080-CF75-F2D0-6523BE08BB1E}"
EndProject
Project("{FAE04EC0-301F-11D3-BF4B-00C04F79EFBC}") = "JetdoProjectTactic.Editor.Plugins", "JetdoProjectTactic.Editor.Plugins.csproj", "{3E768B74-F2ED-BE9B-8982-8767D2C798A6}"
EndProject
Global
	GlobalSection(SolutionConfigurationPlatforms) = preSolution
		Debug|Any CPU = Debug|Any CPU
		Release|Any CPU = Release|Any CPU
	EndGlobalSection
	GlobalSection(ProjectConfigurationPlatforms) = postSolution
		{5A24F225-972B-59C7-B887-B2D2A2605B3D}.Debug|Any CPU.ActiveCfg = Debug|Any CPU
		{5A24F225-972B-59C7-B887-B2D2A2605B3D}.Debug|Any CPU.Build.0 = Debug|Any CPU
		{5A24F225-972B-59C7-B887-B2D2A2605B3D}.Release|Any CPU.ActiveCfg = Release|Any CPU
		{5A24F225-972B-59C7-B887-B2D2A2605B3D}.Release|Any CPU.Build.0 = Release|Any CPU
		{F43733DD-4080-CF75-F2D0-6523BE08BB1E}.Debug|Any CPU.ActiveCfg = Debug|Any CPU
		{F43733DD-4080-CF75-F2D0-6523BE08BB1E}.Debug|Any CPU.Build.0 = Debug|Any CPU
		{F43733DD-4080-CF75-F2D0-6523BE08BB1E}.Release|Any CPU.ActiveCfg = Release|Any CPU
		{F43733DD-4080-CF75-F2D0-6523BE08BB1E}.Release|Any CPU.Build.0 = Release|Any CPU
		{3E768B74-F2ED-BE9B-8982-8767D2C798A6}.Debug|Any CPU.ActiveCfg = Debug|Any CPU
		{3E768B74-F2ED-BE9B-8982-8767D2C798A6}.Debug|Any CPU.Build.0 = Debug|Any CPU
		{3E768B74-F2ED-BE9B-8982-8767D2C798A6}.Release|Any CPU.ActiveCfg = Release|Any CPU
		{3E768B74-F2ED-BE9B-8982-8767D2C798A6}.Release|Any CPU.Build.0 = Release|Any CPU
	EndGlobalSection
	GlobalSection(SolutionProperties) = preSolution
		HideSolutionNode = FALSE
	EndGlobalSection
EndGlobal
